{
  "requires": true,
  "lockfileVersion": 1,
  "dependencies": {
    "webpack-sources": {
      "version": "3.2.3",
      "resolved": "https://registry.npmjs.org/webpack-sources/-/webpack-sources-3.2.3.tgz",
      "integrity": "sha512-/DyMEOrDgLKKIG0fmvtz+4dUX/3Ghozwgm6iPp8KRhvn+eQf9+Q7GWxVNMk3+uCPWfdXYC4ExGBckIXdFEfH1w==",
      "dev": true
    },
    "webpack-theme-color-replacer": {
      "version": "1.4.2",
      "resolved": "https://registry.npmjs.org/webpack-theme-color-replacer/-/webpack-theme-color-replacer-1.4.2.tgz",
      "integrity": "sha512-rjCRuezehs341YxLw2YuVKrC5uWEQQPAdn1mqmgpx+p03bkvgQuBh7btr0eIXW6bjUwtxkp2pIf4lwro2wQbBA==",
      "dev": true,
      "requires": {
        "webpack-sources": "*"
      }
    }
  }
}
